// !$*UTF8*$!
{
	archiveVersion = 1;
	classes = {
	};
	objectVersion = 55;
	objects = {

/* Begin PBXBuildFile section */
		45A8FD9E278D4B2E00A22704 /* Result.swift in Sources */ = {isa = PBXBuildFile; fileRef = 45A8FD9D278D4B2E00A22704 /* Result.swift */; };
		45A8FDA0278D510B00A22704 /* ContentView-ViewModel.swift in Sources */ = {isa = PBXBuildFile; fileRef = 45A8FD9F278D510B00A22704 /* ContentView-ViewModel.swift */; };
		45A8FDA2278D553C00A22704 /* FileManager-DocumentsDirectory.swift in Sources */ = {isa = PBXBuildFile; fileRef = 45A8FDA1278D553C00A22704 /* FileManager-DocumentsDirectory.swift */; };
		45A8FDA4278D61A500A22704 /* EditView-ViewModel.swift in Sources */ = {isa = PBXBuildFile; fileRef = 45A8FDA3278D61A500A22704 /* EditView-ViewModel.swift */; };
		45B963D9278C70EC0083D184 /* MyBucketListApp.swift in Sources */ = {isa = PBXBuildFile; fileRef = 45B963D8278C70EC0083D184 /* MyBucketListApp.swift */; };
		45B963DB278C70EC0083D184 /* ContentView.swift in Sources */ = {isa = PBXBuildFile; fileRef = 45B963DA278C70EC0083D184 /* ContentView.swift */; };
		45B963DD278C70ED0083D184 /* Assets.xcassets in Resources */ = {isa = PBXBuildFile; fileRef = 45B963DC278C70ED0083D184 /* Assets.xcassets */; };
		45B963E0278C70ED0083D184 /* Preview Assets.xcassets in Resources */ = {isa = PBXBuildFile; fileRef = 45B963DF278C70ED0083D184 /* Preview Assets.xcassets */; };
		45B963E7278C71640083D184 /* Location.swift in Sources */ = {isa = PBXBuildFile; fileRef = 45B963E6278C71640083D184 /* Location.swift */; };
		45B963E9278C718E0083D184 /* EditView.swift in Sources */ = {isa = PBXBuildFile; fileRef = 45B963E8278C718E0083D184 /* EditView.swift */; };
/* End PBXBuildFile section */

/* Begin PBXFileReference section */
		45A8FD9D278D4B2E00A22704 /* Result.swift */ = {isa = PBXFileReference; lastKnownFileType = sourcecode.swift; path = Result.swift; sourceTree = "<group>"; };
		45A8FD9F278D510B00A22704 /* ContentView-ViewModel.swift */ = {isa = PBXFileReference; lastKnownFileType = sourcecode.swift; path = "ContentView-ViewModel.swift"; sourceTree = "<group>"; };
		45A8FDA1278D553C00A22704 /* FileManager-DocumentsDirectory.swift */ = {isa = PBXFileReference; lastKnownFileType = sourcecode.swift; path = "FileManager-DocumentsDirectory.swift"; sourceTree = "<group>"; };
		45A8FDA3278D61A500A22704 /* EditView-ViewModel.swift */ = {isa = PBXFileReference; lastKnownFileType = sourcecode.swift; path = "EditView-ViewModel.swift"; sourceTree = "<group>"; };
		45B963D5278C70EC0083D184 /* MyBucketList.app */ = {isa = PBXFileReference; explicitFileType = wrapper.application; includeInIndex = 0; path = MyBucketList.app; sourceTree = BUILT_PRODUCTS_DIR; };
		45B963D8278C70EC0083D184 /* MyBucketListApp.swift */ = {isa = PBXFileReference; lastKnownFileType = sourcecode.swift; path = MyBucketListApp.swift; sourceTree = "<group>"; };
		45B963DA278C70EC0083D184 /* ContentView.swift */ = {isa = PBXFileReference; lastKnownFileType = sourcecode.swift; path = ContentView.swift; sourceTree = "<group>"; };
		45B963DC278C70ED0083D184 /* Assets.xcassets */ = {isa = PBXFileReference; lastKnownFileType = folder.assetcatalog; path = Assets.xcassets; sourceTree = "<group>"; };
		45B963DF278C70ED0083D184 /* Preview Assets.xcassets */ = {isa = PBXFileReference; lastKnownFileType = folder.assetcatalog; path = "Preview Assets.xcassets"; sourceTree = "<group>"; };
		45B963E6278C71640083D184 /* Location.swift */ = {isa = PBXFileReference; lastKnownFileType = sourcecode.swift; path = Location.swift; sourceTree = "<group>"; };
		45B963E8278C718E0083D184 /* EditView.swift */ = {isa = PBXFileReference; lastKnownFileType = sourcecode.swift; path = EditView.swift; sourceTree = "<group>"; };
/* End PBXFileReference section */

/* Begin PBXFrameworksBuildPhase section */
		45B963D2278C70EC0083D184 /* Frameworks */ = {
			isa = PBXFrameworksBuildPhase;
			buildActionMask = 2147483647;
			files = (
			);
			runOnlyForDeploymentPostprocessing = 0;
		};
/* End PBXFrameworksBuildPhase section */

/* Begin PBXGroup section */
		45B963CC278C70EC0083D184 = {
			isa = PBXGroup;
			children = (
				45B963D7278C70EC0083D184 /* MyBucketList */,
				45B963D6278C70EC0083D184 /* Products */,
			);
			sourceTree = "<group>";
		};
		45B963D6278C70EC0083D184 /* Products */ = {
			isa = PBXGroup;
			children = (
				45B963D5278C70EC0083D184 /* MyBucketList.app */,
			);
			name = Products;
			sourceTree = "<group>";
		};
		45B963D7278C70EC0083D184 /* MyBucketList */ = {
			isa = PBXGroup;
			children = (
				45B963D8278C70EC0083D184 /* MyBucketListApp.swift */,
				45B963DA278C70EC0083D184 /* ContentView.swift */,
				45A8FD9F278D510B00A22704 /* ContentView-ViewModel.swift */,
				45A8FD9D278D4B2E00A22704 /* Result.swift */,
				45B963E8278C718E0083D184 /* EditView.swift */,
				45A8FDA3278D61A500A22704 /* EditView-ViewModel.swift */,
				45B963E6278C71640083D184 /* Location.swift */,
				45A8FDA1278D553C00A22704 /* FileManager-DocumentsDirectory.swift */,
				45B963DC278C70ED0083D184 /* Assets.xcassets */,
				45B963DE278C70ED0083D184 /* Preview Content */,
			);
			path = MyBucketList;
			sourceTree = "<group>";
		};
		45B963DE278C70ED0083D184 /* Preview Content */ = {
			isa = PBXGroup;
			children = (
				45B963DF278C70ED0083D184 /* Preview Assets.xcassets */,
			);
			path = "Preview Content";
			sourceTree = "<group>";
		};
/* End PBXGroup section */

/* Begin PBXNativeTarget section */
		45B963D4278C70EC0083D184 /* MyBucketList */ = {
			isa = PBXNativeTarget;
			buildConfigurationList = 45B963E3278C70ED0083D184 /* Build configuration list for PBXNativeTarget "MyBucketList" */;
			buildPhases = (
				45B963D1278C70EC0083D184 /* Sources */,
				45B963D2278C70EC0083D184 /* Frameworks */,
				45B963D3278C70EC0083D184 /* Resources */,
			);
			buildRules = (
			);
			dependencies = (
			);
			name = MyBucketList;
			productName = MyBucketList;
			productReference = 45B963D5278C70EC0083D184 /* MyBucketList.app */;
			productType = "com.apple.product-type.application";
		};
/* End PBXNativeTarget section */

/* Begin PBXProject section */
		45B963CD278C70EC0083D184 /* Project object */ = {
			isa = PBXProject;
			attributes = {
				BuildIndependentTargetsInParallel = 1;
				LastSwiftUpdateCheck = 1320;
				LastUpgradeCheck = 1320;
				TargetAttributes = {
					45B963D4278C70EC0083D184 = {
						CreatedOnToolsVersion = 13.2.1;
					};
				};
			};
			buildConfigurationList = 45B963D0278C70EC0083D184 /* Build configuration list for PBXProject "MyBucketList" */;
			compatibilityVersion = "Xcode 13.0";
			developmentRegion = en;
			hasScannedForEncodings = 0;
			knownRegions = (
				en,
				Base,
			);
			mainGroup = 45B963CC278C70EC0083D184;
			productRefGroup = 45B963D6278C70EC0083D184 /* Products */;
			projectDirPath = "";
			projectRoot = "";
			targets = (
				45B963D4278C70EC0083D184 /* MyBucketList */,
			);
		};
/* End PBXProject section */

/* Begin PBXResourcesBuildPhase section */
		45B963D3278C70EC0083D184 /* Resources */ = {
			isa = PBXResourcesBuildPhase;
			buildActionMask = 2147483647;
			files = (
				45B963E0278C70ED0083D184 /* Preview Assets.xcassets in Resources */,
				45B963DD278C70ED0083D184 /* Assets.xcassets in Resources */,
			);
			runOnlyForDeploymentPostprocessing = 0;
		};
/* End PBXResourcesBuildPhase section */

/* Begin PBXSourcesBuildPhase section */
		45B963D1278C70EC0083D184 /* Sources */ = {
			isa = PBXSourcesBuildPhase;
			buildActionMask = 2147483647;
			files = (
				45B963DB278C70EC0083D184 /* ContentView.swift in Sources */,
				45A8FDA2278D553C00A22704 /* FileManager-DocumentsDirectory.swift in Sources */,
				45A8FDA0278D510B00A22704 /* ContentView-ViewModel.swift in Sources */,
				45A8FD9E278D4B2E00A22704 /* Result.swift in Sources */,
				45B963E7278C71640083D184 /* Location.swift in Sources */,
				45A8FDA4278D61A500A22704 /* EditView-ViewModel.swift in Sources */,
				45B963E9278C718E0083D184 /* EditView.swift in Sources */,
				45B963D9278C70EC0083D184 /* MyBucketListApp.swift in Sources */,
			);
			runOnlyForDeploymentPostprocessing = 0;
		};
/* End PBXSourcesBuildPhase section */

/* Begin XCBuildConfiguration section */
		45B963E1278C70ED0083D184 /* Debug */ = {
			isa = XCBuildConfiguration;
			buildSettings = {
				ALWAYS_SEARCH_USER_PATHS = NO;
				CLANG_ANALYZER_NONNULL = YES;
				CLANG_ANALYZER_NUMBER_OBJECT_CONVERSION = YES_AGGRESSIVE;
				CLANG_CXX_LANGUAGE_STANDARD = "gnu++17";
				CLANG_CXX_LIBRARY = "libc++";
				CLANG_ENABLE_MODULES = YES;
				CLANG_ENABLE_OBJC_ARC = YES;
				CLANG_ENABLE_OBJC_WEAK = YES;
				CLANG_WARN_BLOCK_CAPTURE_AUTORELEASING = YES;
				CLANG_WARN_BOOL_CONVERSION = YES;
				CLANG_WARN_COMMA = YES;
				CLANG_WARN_CONSTANT_CONVERSION = YES;
				CLANG_WARN_DEPRECATED_OBJC_IMPLEMENTATIONS = YES;
				CLANG_WARN_DIRECT_OBJC_ISA_USAGE = YES_ERROR;
				CLANG_WARN_DOCUMENTATION_COMMENTS = YES;
				CLANG_WARN_EMPTY_BODY = YES;
				CLANG_WARN_ENUM_CONVERSION = YES;
				CLANG_WARN_INFINITE_RECURSION = YES;
				CLANG_WARN_INT_CONVERSION = YES;
				CLANG_WARN_NON_LITERAL_NULL_CONVERSION = YES;
				CLANG_WARN_OBJC_IMPLICIT_RETAIN_SELF = YES;
				CLANG_WARN_OBJC_LITERAL_CONVERSION = YES;
				CLANG_WARN_OBJC_ROOT_CLASS = YES_ERROR;
				CLANG_WARN_QUOTED_INCLUDE_IN_FRAMEWORK_HEADER = YES;
				CLANG_WARN_RANGE_LOOP_ANALYSIS = YES;
				CLANG_WARN_STRICT_PROTOTYPES = YES;
				CLANG_WARN_SUSPICIOUS_MOVE = YES;
				CLANG_WARN_UNGUARDED_AVAILABILITY = YES_AGGRESSIVE;
				CLANG_WARN_UNREACHABLE_CODE = YES;
				CLANG_WARN__DUPLICATE_METHOD_MATCH = YES;
				COPY_PHASE_STRIP = NO;
				DEBUG_INFORMATION_FORMAT = dwarf;
				ENABLE_STRICT_OBJC_MSGSEND = YES;
				ENABLE_TESTABILITY = YES;
				GCC_C_LANGUAGE_STANDARD = gnu11;
				GCC_DYNAMIC_NO_PIC = NO;
				GCC_NO_COMMON_BLOCKS = YES;
				GCC_OPTIMIZATION_LEVEL = 0;
				GCC_PREPROCESSOR_DEFINITIONS = (
					"DEBUG=1",
					"$(inherited)",
				);
				GCC_WARN_64_TO_32_BIT_CONVERSION = YES;
				GCC_WARN_ABOUT_RETURN_TYPE = YES_ERROR;
				GCC_WARN_UNDECLARED_SELECTOR = YES;
				GCC_WARN_UNINITIALIZED_AUTOS = YES_AGGRESSIVE;
				GCC_WARN_UNUSED_FUNCTION = YES;
				GCC_WARN_UNUSED_VARIABLE = YES;
				IPHONEOS_DEPLOYMENT_TARGET = 15.2;
				MTL_ENABLE_DEBUG_INFO = INCLUDE_SOURCE;
				MTL_FAST_MATH = YES;
				ONLY_ACTIVE_ARCH = YES;
				SDKROOT = iphoneos;
				SWIFT_ACTIVE_COMPILATION_CONDITIONS = DEBUG;
				SWIFT_OPTIMIZATION_LEVEL = "-Onone";
			};
			name = Debug;
		};
		45B963E2278C70ED0083D184 /* Release */ = {
			isa = XCBuildConfiguration;
			buildSettings = {
				ALWAYS_SEARCH_USER_PATHS = NO;
				CLANG_ANALYZER_NONNULL = YES;
				CLANG_ANALYZER_NUMBER_OBJECT_CONVERSION = YES_AGGRESSIVE;
				CLANG_CXX_LANGUAGE_STANDARD = "gnu++17";
				CLANG_CXX_LIBRARY = "libc++";
				CLANG_ENABLE_MODULES = YES;
				CLANG_ENABLE_OBJC_ARC = YES;
				CLANG_ENABLE_OBJC_WEAK = YES;
				CLANG_WARN_BLOCK_CAPTURE_AUTORELEASING = YES;
				CLANG_WARN_BOOL_CONVERSION = YES;
				CLANG_WARN_COMMA = YES;
				CLANG_WARN_CONSTANT_CONVERSION = YES;
				CLANG_WARN_DEPRECATED_OBJC_IMPLEMENTATIONS = YES;
				CLANG_WARN_DIRECT_OBJC_ISA_USAGE = YES_ERROR;
				CLANG_WARN_DOCUMENTATION_COMMENTS = YES;
				CLANG_WARN_EMPTY_BODY = YES;
				CLANG_WARN_ENUM_CONVERSION = YES;
				CLANG_WARN_INFINITE_RECURSION = YES;
				CLANG_WARN_INT_CONVERSION = YES;
				CLANG_WARN_NON_LITERAL_NULL_CONVERSION = YES;
				CLANG_WARN_OBJC_IMPLICIT_RETAIN_SELF = YES;
				CLANG_WARN_OBJC_LITERAL_CONVERSION = YES;
				CLANG_WARN_OBJC_ROOT_CLASS = YES_ERROR;
				CLANG_WARN_QUOTED_INCLUDE_IN_FRAMEWORK_HEADER = YES;
				CLANG_WARN_RANGE_LOOP_ANALYSIS = YES;
				CLANG_WARN_STRICT_PROTOTYPES = YES;
				CLANG_WARN_SUSPICIOUS_MOVE = YES;
				CLANG_WARN_UNGUARDED_AVAILABILITY = YES_AGGRESSIVE;
				CLANG_WARN_UNREACHABLE_CODE = YES;
				CLANG_WARN__DUPLICATE_METHOD_MATCH = YES;
				COPY_PHASE_STRIP = NO;
				DEBUG_INFORMATION_FORMAT = "dwarf-with-dsym";
				ENABLE_NS_ASSERTIONS = NO;
				ENABLE_STRICT_OBJC_MSGSEND = YES;
				GCC_C_LANGUAGE_STANDARD = gnu11;
				GCC_NO_COMMON_BLOCKS = YES;
				GCC_WARN_64_TO_32_BIT_CONVERSION = YES;
				GCC_WARN_ABOUT_RETURN_TYPE = YES_ERROR;
				GCC_WARN_UNDECLARED_SELECTOR = YES;
				GCC_WARN_UNINITIALIZED_AUTOS = YES_AGGRESSIVE;
				GCC_WARN_UNUSED_FUNCTION = YES;
				GCC_WARN_UNUSED_VARIABLE = YES;
				IPHONEOS_DEPLOYMENT_TARGET = 15.2;
				MTL_ENABLE_DEBUG_INFO = NO;
				MTL_FAST_MATH = YES;
				SDKROOT = iphoneos;
				SWIFT_COMPILATION_MODE = wholemodule;
				SWIFT_OPTIMIZATION_LEVEL = "-O";
				VALIDATE_PRODUCT = YES;
			};
			name = Release;
		};
		45B963E4278C70ED0083D184 /* Debug */ = {
			isa = XCBuildConfiguration;
			buildSettings = {
				ASSETCATALOG_COMPILER_APPICON_NAME = AppIcon;
				ASSETCATALOG_COMPILER_GLOBAL_ACCENT_COLOR_NAME = AccentColor;
				CODE_SIGN_STYLE = Automatic;
				CURRENT_PROJECT_VERSION = 1;
				DEVELOPMENT_ASSET_PATHS = "\"MyBucketList/Preview Content\"";
				DEVELOPMENT_TEAM = KGH3UR528L;
				ENABLE_PREVIEWS = YES;
				GENERATE_INFOPLIST_FILE = YES;
				INFOPLIST_KEY_NSFaceIDUsageDescription = "We need to unlock your data.";
				INFOPLIST_KEY_UIApplicationSceneManifest_Generation = YES;
				INFOPLIST_KEY_UIApplicationSupportsIndirectInputEvents = YES;
				INFOPLIST_KEY_UILaunchScreen_Generation = YES;
				INFOPLIST_KEY_UISupportedInterfaceOrientations_iPad = "UIInterfaceOrientationPortrait UIInterfaceOrientationPortraitUpsideDown UIInterfaceOrientationLandscapeLeft UIInterfaceOrientationLandscapeRight";
				INFOPLIST_KEY_UISupportedInterfaceOrientations_iPhone = "UIInterfaceOrientationPortrait UIInterfaceOrientationLandscapeLeft UIInterfaceOrientationLandscapeRight";
				LD_RUNPATH_SEARCH_PATHS = (
					"$(inherited)",
					"@executable_path/Frameworks",
				);
				MARKETING_VERSION = 1.0;
				PRODUCT_BUNDLE_IDENTIFIER = com.hackingwithswift.MyBucketList;
				PRODUCT_NAME = "$(TARGET_NAME)";
				SWIFT_EMIT_LOC_STRINGS = YES;
				SWIFT_VERSION = 5.0;
				TARGETED_DEVICE_FAMILY = "1,2";
			};
			name = Debug;
		};
		45B963E5278C70ED0083D184 /* Release */ = {
			isa = XCBuildConfiguration;
			buildSettings = {
				ASSETCATALOG_COMPILER_APPICON_NAME = AppIcon;
				ASSETCATALOG_COMPILER_GLOBAL_ACCENT_COLOR_NAME = AccentColor;
				CODE_SIGN_STYLE = Automatic;
				CURRENT_PROJECT_VERSION = 1;
				DEVELOPMENT_ASSET_PATHS = "\"MyBucketList/Preview Content\"";
				DEVELOPMENT_TEAM = KGH3UR528L;
				ENABLE_PREVIEWS = YES;
				GENERATE_INFOPLIST_FILE = YES;
				INFOPLIST_KEY_NSFaceIDUsageDescription = "We need to unlock your data.";
				INFOPLIST_KEY_UIApplicationSceneManifest_Generation = YES;
				INFOPLIST_KEY_UIApplicationSupportsIndirectInputEvents = YES;
				INFOPLIST_KEY_UILaunchScreen_Generation = YES;
				INFOPLIST_KEY_UISupportedInterfaceOrientations_iPad = "UIInterfaceOrientationPortrait UIInterfaceOrientationPortraitUpsideDown UIInterfaceOrientationLandscapeLeft UIInterfaceOrientationLandscapeRight";
				INFOPLIST_KEY_UISupportedInterfaceOrientations_iPhone = "UIInterfaceOrientationPortrait UIInterfaceOrientationLandscapeLeft UIInterfaceOrientationLandscapeRight";
				LD_RUNPATH_SEARCH_PATHS = (
					"$(inherited)",
					"@executable_path/Frameworks",
				);
				MARKETING_VERSION = 1.0;
				PRODUCT_BUNDLE_IDENTIFIER = com.hackingwithswift.MyBucketList;
				PRODUCT_NAME = "$(TARGET_NAME)";
				SWIFT_EMIT_LOC_STRINGS = YES;
				SWIFT_VERSION = 5.0;
				TARGETED_DEVICE_FAMILY = "1,2";
			};
			name = Release;
		};
/* End XCBuildConfiguration section */

/* Begin XCConfigurationList section */
		45B963D0278C70EC0083D184 /* Build configuration list for PBXProject "MyBucketList" */ = {
			isa = XCConfigurationList;
			buildConfigurations = (
				45B963E1278C70ED0083D184 /* Debug */,
				45B963E2278C70ED0083D184 /* Release */,
			);
			defaultConfigurationIsVisible = 0;
			defaultConfigurationName = Release;
		};
		45B963E3278C70ED0083D184 /* Build configuration list for PBXNativeTarget "MyBucketList" */ = {
			isa = XCConfigurationList;
			buildConfigurations = (
				45B963E4278C70ED0083D184 /* Debug */,
				45B963E5278C70ED0083D184 /* Release */,
			);
			defaultConfigurationIsVisible = 0;
			defaultConfigurationName = Release;
		};
/* End XCConfigurationList section */
	};
	rootObject = 45B963CD278C70EC0083D184 /* Project object */;
}
