// !$*UTF8*$!
{
	archiveVersion = 1;
	classes = {
	};
	objectVersion = 55;
	objects = {

/* Begin PBXBuildFile section */
		45D9AC8C278FF65A0091AC4E /* MeetupContact+CoreDataClass.swift in Sources */ = {isa = PBXBuildFile; fileRef = 45D9AC8A278FF65A0091AC4E /* MeetupContact+CoreDataClass.swift */; };
		45D9AC8D278FF65A0091AC4E /* MeetupContact+CoreDataProperties.swift in Sources */ = {isa = PBXBuildFile; fileRef = 45D9AC8B278FF65A0091AC4E /* MeetupContact+CoreDataProperties.swift */; };
		45D9AC8F278FF70C0091AC4E /* LocationFetcher.swift in Sources */ = {isa = PBXBuildFile; fileRef = 45D9AC8E278FF70C0091AC4E /* LocationFetcher.swift */; };
		45E6885F278EB25F005F421D /* MeetupContactsApp.swift in Sources */ = {isa = PBXBuildFile; fileRef = 45E6885E278EB25F005F421D /* MeetupContactsApp.swift */; };
		45E68861278EB25F005F421D /* ContentView.swift in Sources */ = {isa = PBXBuildFile; fileRef = 45E68860278EB25F005F421D /* ContentView.swift */; };
		45E68863278EB261005F421D /* Assets.xcassets in Resources */ = {isa = PBXBuildFile; fileRef = 45E68862278EB261005F421D /* Assets.xcassets */; };
		45E68866278EB261005F421D /* Preview Assets.xcassets in Resources */ = {isa = PBXBuildFile; fileRef = 45E68865278EB261005F421D /* Preview Assets.xcassets */; };
		45E6886D278EB2BF005F421D /* PhotoPicker.swift in Sources */ = {isa = PBXBuildFile; fileRef = 45E6886C278EB2BF005F421D /* PhotoPicker.swift */; };
		45E6886F278EB2ED005F421D /* PhotoSaver.swift in Sources */ = {isa = PBXBuildFile; fileRef = 45E6886E278EB2ED005F421D /* PhotoSaver.swift */; };
		45E68874278EB40E005F421D /* MeetupContacts.xcdatamodeld in Sources */ = {isa = PBXBuildFile; fileRef = 45E68872278EB40E005F421D /* MeetupContacts.xcdatamodeld */; };
		45E6887A278EB4B8005F421D /* DataController.swift in Sources */ = {isa = PBXBuildFile; fileRef = 45E68879278EB4B8005F421D /* DataController.swift */; };
		45E6887C278EB8C7005F421D /* FileManager.swift in Sources */ = {isa = PBXBuildFile; fileRef = 45E6887B278EB8C7005F421D /* FileManager.swift */; };
		45E6887E278EBC6B005F421D /* AddContactView.swift in Sources */ = {isa = PBXBuildFile; fileRef = 45E6887D278EBC6B005F421D /* AddContactView.swift */; };
		45E68880278EBCAA005F421D /* ContentView-ViewModel.swift in Sources */ = {isa = PBXBuildFile; fileRef = 45E6887F278EBCAA005F421D /* ContentView-ViewModel.swift */; };
		45E68882278EFED9005F421D /* DetailView.swift in Sources */ = {isa = PBXBuildFile; fileRef = 45E68881278EFED9005F421D /* DetailView.swift */; };
/* End PBXBuildFile section */

/* Begin PBXFileReference section */
		45D9AC8A278FF65A0091AC4E /* MeetupContact+CoreDataClass.swift */ = {isa = PBXFileReference; lastKnownFileType = sourcecode.swift; path = "MeetupContact+CoreDataClass.swift"; sourceTree = "<group>"; };
		45D9AC8B278FF65A0091AC4E /* MeetupContact+CoreDataProperties.swift */ = {isa = PBXFileReference; lastKnownFileType = sourcecode.swift; path = "MeetupContact+CoreDataProperties.swift"; sourceTree = "<group>"; };
		45D9AC8E278FF70C0091AC4E /* LocationFetcher.swift */ = {isa = PBXFileReference; lastKnownFileType = sourcecode.swift; path = LocationFetcher.swift; sourceTree = "<group>"; };
		45E6885B278EB25F005F421D /* MeetupContacts.app */ = {isa = PBXFileReference; explicitFileType = wrapper.application; includeInIndex = 0; path = MeetupContacts.app; sourceTree = BUILT_PRODUCTS_DIR; };
		45E6885E278EB25F005F421D /* MeetupContactsApp.swift */ = {isa = PBXFileReference; lastKnownFileType = sourcecode.swift; path = MeetupContactsApp.swift; sourceTree = "<group>"; };
		45E68860278EB25F005F421D /* ContentView.swift */ = {isa = PBXFileReference; lastKnownFileType = sourcecode.swift; path = ContentView.swift; sourceTree = "<group>"; };
		45E68862278EB261005F421D /* Assets.xcassets */ = {isa = PBXFileReference; lastKnownFileType = folder.assetcatalog; path = Assets.xcassets; sourceTree = "<group>"; };
		45E68865278EB261005F421D /* Preview Assets.xcassets */ = {isa = PBXFileReference; lastKnownFileType = folder.assetcatalog; path = "Preview Assets.xcassets"; sourceTree = "<group>"; };
		45E6886C278EB2BF005F421D /* PhotoPicker.swift */ = {isa = PBXFileReference; lastKnownFileType = sourcecode.swift; path = PhotoPicker.swift; sourceTree = "<group>"; };
		45E6886E278EB2ED005F421D /* PhotoSaver.swift */ = {isa = PBXFileReference; lastKnownFileType = sourcecode.swift; path = PhotoSaver.swift; sourceTree = "<group>"; };
		45E68873278EB40E005F421D /* MeetupContacts.xcdatamodel */ = {isa = PBXFileReference; lastKnownFileType = wrapper.xcdatamodel; path = MeetupContacts.xcdatamodel; sourceTree = "<group>"; };
		45E68879278EB4B8005F421D /* DataController.swift */ = {isa = PBXFileReference; lastKnownFileType = sourcecode.swift; path = DataController.swift; sourceTree = "<group>"; };
		45E6887B278EB8C7005F421D /* FileManager.swift */ = {isa = PBXFileReference; lastKnownFileType = sourcecode.swift; path = FileManager.swift; sourceTree = "<group>"; };
		45E6887D278EBC6B005F421D /* AddContactView.swift */ = {isa = PBXFileReference; lastKnownFileType = sourcecode.swift; path = AddContactView.swift; sourceTree = "<group>"; };
		45E6887F278EBCAA005F421D /* ContentView-ViewModel.swift */ = {isa = PBXFileReference; lastKnownFileType = sourcecode.swift; path = "ContentView-ViewModel.swift"; sourceTree = "<group>"; };
		45E68881278EFED9005F421D /* DetailView.swift */ = {isa = PBXFileReference; lastKnownFileType = sourcecode.swift; path = DetailView.swift; sourceTree = "<group>"; };
/* End PBXFileReference section */

/* Begin PBXFrameworksBuildPhase section */
		45E68858278EB25F005F421D /* Frameworks */ = {
			isa = PBXFrameworksBuildPhase;
			buildActionMask = 2147483647;
			files = (
			);
			runOnlyForDeploymentPostprocessing = 0;
		};
/* End PBXFrameworksBuildPhase section */

/* Begin PBXGroup section */
		45E68852278EB25F005F421D = {
			isa = PBXGroup;
			children = (
				45E6885D278EB25F005F421D /* MeetupContacts */,
				45E6885C278EB25F005F421D /* Products */,
			);
			sourceTree = "<group>";
		};
		45E6885C278EB25F005F421D /* Products */ = {
			isa = PBXGroup;
			children = (
				45E6885B278EB25F005F421D /* MeetupContacts.app */,
			);
			name = Products;
			sourceTree = "<group>";
		};
		45E6885D278EB25F005F421D /* MeetupContacts */ = {
			isa = PBXGroup;
			children = (
				45D9AC8A278FF65A0091AC4E /* MeetupContact+CoreDataClass.swift */,
				45D9AC8B278FF65A0091AC4E /* MeetupContact+CoreDataProperties.swift */,
				45D9AC8E278FF70C0091AC4E /* LocationFetcher.swift */,
				45E6887D278EBC6B005F421D /* AddContactView.swift */,
				45E68879278EB4B8005F421D /* DataController.swift */,
				45E6885E278EB25F005F421D /* MeetupContactsApp.swift */,
				45E68860278EB25F005F421D /* ContentView.swift */,
				45E68881278EFED9005F421D /* DetailView.swift */,
				45E6887F278EBCAA005F421D /* ContentView-ViewModel.swift */,
				45E6886C278EB2BF005F421D /* PhotoPicker.swift */,
				45E6886E278EB2ED005F421D /* PhotoSaver.swift */,
				45E6887B278EB8C7005F421D /* FileManager.swift */,
				45E68872278EB40E005F421D /* MeetupContacts.xcdatamodeld */,
				45E68862278EB261005F421D /* Assets.xcassets */,
				45E68864278EB261005F421D /* Preview Content */,
			);
			path = MeetupContacts;
			sourceTree = "<group>";
		};
		45E68864278EB261005F421D /* Preview Content */ = {
			isa = PBXGroup;
			children = (
				45E68865278EB261005F421D /* Preview Assets.xcassets */,
			);
			path = "Preview Content";
			sourceTree = "<group>";
		};
/* End PBXGroup section */

/* Begin PBXNativeTarget section */
		45E6885A278EB25F005F421D /* MeetupContacts */ = {
			isa = PBXNativeTarget;
			buildConfigurationList = 45E68869278EB261005F421D /* Build configuration list for PBXNativeTarget "MeetupContacts" */;
			buildPhases = (
				45E68857278EB25F005F421D /* Sources */,
				45E68858278EB25F005F421D /* Frameworks */,
				45E68859278EB25F005F421D /* Resources */,
			);
			buildRules = (
			);
			dependencies = (
			);
			name = MeetupContacts;
			productName = MeetupContacts;
			productReference = 45E6885B278EB25F005F421D /* MeetupContacts.app */;
			productType = "com.apple.product-type.application";
		};
/* End PBXNativeTarget section */

/* Begin PBXProject section */
		45E68853278EB25F005F421D /* Project object */ = {
			isa = PBXProject;
			attributes = {
				BuildIndependentTargetsInParallel = 1;
				LastSwiftUpdateCheck = 1320;
				LastUpgradeCheck = 1320;
				TargetAttributes = {
					45E6885A278EB25F005F421D = {
						CreatedOnToolsVersion = 13.2.1;
					};
				};
			};
			buildConfigurationList = 45E68856278EB25F005F421D /* Build configuration list for PBXProject "MeetupContacts" */;
			compatibilityVersion = "Xcode 13.0";
			developmentRegion = en;
			hasScannedForEncodings = 0;
			knownRegions = (
				en,
				Base,
			);
			mainGroup = 45E68852278EB25F005F421D;
			productRefGroup = 45E6885C278EB25F005F421D /* Products */;
			projectDirPath = "";
			projectRoot = "";
			targets = (
				45E6885A278EB25F005F421D /* MeetupContacts */,
			);
		};
/* End PBXProject section */

/* Begin PBXResourcesBuildPhase section */
		45E68859278EB25F005F421D /* Resources */ = {
			isa = PBXResourcesBuildPhase;
			buildActionMask = 2147483647;
			files = (
				45E68866278EB261005F421D /* Preview Assets.xcassets in Resources */,
				45E68863278EB261005F421D /* Assets.xcassets in Resources */,
			);
			runOnlyForDeploymentPostprocessing = 0;
		};
/* End PBXResourcesBuildPhase section */

/* Begin PBXSourcesBuildPhase section */
		45E68857278EB25F005F421D /* Sources */ = {
			isa = PBXSourcesBuildPhase;
			buildActionMask = 2147483647;
			files = (
				45D9AC8F278FF70C0091AC4E /* LocationFetcher.swift in Sources */,
				45E68882278EFED9005F421D /* DetailView.swift in Sources */,
				45E6887E278EBC6B005F421D /* AddContactView.swift in Sources */,
				45E68861278EB25F005F421D /* ContentView.swift in Sources */,
				45E6885F278EB25F005F421D /* MeetupContactsApp.swift in Sources */,
				45E68874278EB40E005F421D /* MeetupContacts.xcdatamodeld in Sources */,
				45E6887A278EB4B8005F421D /* DataController.swift in Sources */,
				45E68880278EBCAA005F421D /* ContentView-ViewModel.swift in Sources */,
				45E6887C278EB8C7005F421D /* FileManager.swift in Sources */,
				45D9AC8D278FF65A0091AC4E /* MeetupContact+CoreDataProperties.swift in Sources */,
				45E6886F278EB2ED005F421D /* PhotoSaver.swift in Sources */,
				45D9AC8C278FF65A0091AC4E /* MeetupContact+CoreDataClass.swift in Sources */,
				45E6886D278EB2BF005F421D /* PhotoPicker.swift in Sources */,
			);
			runOnlyForDeploymentPostprocessing = 0;
		};
/* End PBXSourcesBuildPhase section */

/* Begin XCBuildConfiguration section */
		45E68867278EB261005F421D /* Debug */ = {
			isa = XCBuildConfiguration;
			buildSettings = {
				ALWAYS_SEARCH_USER_PATHS = NO;
				CLANG_ANALYZER_NONNULL = YES;
				CLANG_ANALYZER_NUMBER_OBJECT_CONVERSION = YES_AGGRESSIVE;
				CLANG_CXX_LANGUAGE_STANDARD = "gnu++17";
				CLANG_CXX_LIBRARY = "libc++";
				CLANG_ENABLE_MODULES = YES;
				CLANG_ENABLE_OBJC_ARC = YES;
				CLANG_ENABLE_OBJC_WEAK = YES;
				CLANG_WARN_BLOCK_CAPTURE_AUTORELEASING = YES;
				CLANG_WARN_BOOL_CONVERSION = YES;
				CLANG_WARN_COMMA = YES;
				CLANG_WARN_CONSTANT_CONVERSION = YES;
				CLANG_WARN_DEPRECATED_OBJC_IMPLEMENTATIONS = YES;
				CLANG_WARN_DIRECT_OBJC_ISA_USAGE = YES_ERROR;
				CLANG_WARN_DOCUMENTATION_COMMENTS = YES;
				CLANG_WARN_EMPTY_BODY = YES;
				CLANG_WARN_ENUM_CONVERSION = YES;
				CLANG_WARN_INFINITE_RECURSION = YES;
				CLANG_WARN_INT_CONVERSION = YES;
				CLANG_WARN_NON_LITERAL_NULL_CONVERSION = YES;
				CLANG_WARN_OBJC_IMPLICIT_RETAIN_SELF = YES;
				CLANG_WARN_OBJC_LITERAL_CONVERSION = YES;
				CLANG_WARN_OBJC_ROOT_CLASS = YES_ERROR;
				CLANG_WARN_QUOTED_INCLUDE_IN_FRAMEWORK_HEADER = YES;
				CLANG_WARN_RANGE_LOOP_ANALYSIS = YES;
				CLANG_WARN_STRICT_PROTOTYPES = YES;
				CLANG_WARN_SUSPICIOUS_MOVE = YES;
				CLANG_WARN_UNGUARDED_AVAILABILITY = YES_AGGRESSIVE;
				CLANG_WARN_UNREACHABLE_CODE = YES;
				CLANG_WARN__DUPLICATE_METHOD_MATCH = YES;
				COPY_PHASE_STRIP = NO;
				DEBUG_INFORMATION_FORMAT = dwarf;
				ENABLE_STRICT_OBJC_MSGSEND = YES;
				ENABLE_TESTABILITY = YES;
				GCC_C_LANGUAGE_STANDARD = gnu11;
				GCC_DYNAMIC_NO_PIC = NO;
				GCC_NO_COMMON_BLOCKS = YES;
				GCC_OPTIMIZATION_LEVEL = 0;
				GCC_PREPROCESSOR_DEFINITIONS = (
					"DEBUG=1",
					"$(inherited)",
				);
				GCC_WARN_64_TO_32_BIT_CONVERSION = YES;
				GCC_WARN_ABOUT_RETURN_TYPE = YES_ERROR;
				GCC_WARN_UNDECLARED_SELECTOR = YES;
				GCC_WARN_UNINITIALIZED_AUTOS = YES_AGGRESSIVE;
				GCC_WARN_UNUSED_FUNCTION = YES;
				GCC_WARN_UNUSED_VARIABLE = YES;
				IPHONEOS_DEPLOYMENT_TARGET = 15.2;
				MTL_ENABLE_DEBUG_INFO = INCLUDE_SOURCE;
				MTL_FAST_MATH = YES;
				ONLY_ACTIVE_ARCH = YES;
				SDKROOT = iphoneos;
				SWIFT_ACTIVE_COMPILATION_CONDITIONS = DEBUG;
				SWIFT_OPTIMIZATION_LEVEL = "-Onone";
			};
			name = Debug;
		};
		45E68868278EB261005F421D /* Release */ = {
			isa = XCBuildConfiguration;
			buildSettings = {
				ALWAYS_SEARCH_USER_PATHS = NO;
				CLANG_ANALYZER_NONNULL = YES;
				CLANG_ANALYZER_NUMBER_OBJECT_CONVERSION = YES_AGGRESSIVE;
				CLANG_CXX_LANGUAGE_STANDARD = "gnu++17";
				CLANG_CXX_LIBRARY = "libc++";
				CLANG_ENABLE_MODULES = YES;
				CLANG_ENABLE_OBJC_ARC = YES;
				CLANG_ENABLE_OBJC_WEAK = YES;
				CLANG_WARN_BLOCK_CAPTURE_AUTORELEASING = YES;
				CLANG_WARN_BOOL_CONVERSION = YES;
				CLANG_WARN_COMMA = YES;
				CLANG_WARN_CONSTANT_CONVERSION = YES;
				CLANG_WARN_DEPRECATED_OBJC_IMPLEMENTATIONS = YES;
				CLANG_WARN_DIRECT_OBJC_ISA_USAGE = YES_ERROR;
				CLANG_WARN_DOCUMENTATION_COMMENTS = YES;
				CLANG_WARN_EMPTY_BODY = YES;
				CLANG_WARN_ENUM_CONVERSION = YES;
				CLANG_WARN_INFINITE_RECURSION = YES;
				CLANG_WARN_INT_CONVERSION = YES;
				CLANG_WARN_NON_LITERAL_NULL_CONVERSION = YES;
				CLANG_WARN_OBJC_IMPLICIT_RETAIN_SELF = YES;
				CLANG_WARN_OBJC_LITERAL_CONVERSION = YES;
				CLANG_WARN_OBJC_ROOT_CLASS = YES_ERROR;
				CLANG_WARN_QUOTED_INCLUDE_IN_FRAMEWORK_HEADER = YES;
				CLANG_WARN_RANGE_LOOP_ANALYSIS = YES;
				CLANG_WARN_STRICT_PROTOTYPES = YES;
				CLANG_WARN_SUSPICIOUS_MOVE = YES;
				CLANG_WARN_UNGUARDED_AVAILABILITY = YES_AGGRESSIVE;
				CLANG_WARN_UNREACHABLE_CODE = YES;
				CLANG_WARN__DUPLICATE_METHOD_MATCH = YES;
				COPY_PHASE_STRIP = NO;
				DEBUG_INFORMATION_FORMAT = "dwarf-with-dsym";
				ENABLE_NS_ASSERTIONS = NO;
				ENABLE_STRICT_OBJC_MSGSEND = YES;
				GCC_C_LANGUAGE_STANDARD = gnu11;
				GCC_NO_COMMON_BLOCKS = YES;
				GCC_WARN_64_TO_32_BIT_CONVERSION = YES;
				GCC_WARN_ABOUT_RETURN_TYPE = YES_ERROR;
				GCC_WARN_UNDECLARED_SELECTOR = YES;
				GCC_WARN_UNINITIALIZED_AUTOS = YES_AGGRESSIVE;
				GCC_WARN_UNUSED_FUNCTION = YES;
				GCC_WARN_UNUSED_VARIABLE = YES;
				IPHONEOS_DEPLOYMENT_TARGET = 15.2;
				MTL_ENABLE_DEBUG_INFO = NO;
				MTL_FAST_MATH = YES;
				SDKROOT = iphoneos;
				SWIFT_COMPILATION_MODE = wholemodule;
				SWIFT_OPTIMIZATION_LEVEL = "-O";
				VALIDATE_PRODUCT = YES;
			};
			name = Release;
		};
		45E6886A278EB261005F421D /* Debug */ = {
			isa = XCBuildConfiguration;
			buildSettings = {
				ASSETCATALOG_COMPILER_APPICON_NAME = AppIcon;
				ASSETCATALOG_COMPILER_GLOBAL_ACCENT_COLOR_NAME = AccentColor;
				CODE_SIGN_STYLE = Automatic;
				CURRENT_PROJECT_VERSION = 1;
				DEVELOPMENT_ASSET_PATHS = "\"MeetupContacts/Preview Content\"";
				DEVELOPMENT_TEAM = KGH3UR528L;
				ENABLE_PREVIEWS = YES;
				GENERATE_INFOPLIST_FILE = YES;
				INFOPLIST_KEY_NSCameraUsageDescription = "We need to capture a contact photo.";
				INFOPLIST_KEY_NSLocationWhenInUseUsageDescription = "We need to save your current location.";
				INFOPLIST_KEY_NSPhotoLibraryAddUsageDescription = "We need to store your contact photos.";
				INFOPLIST_KEY_UIApplicationSceneManifest_Generation = YES;
				INFOPLIST_KEY_UIApplicationSupportsIndirectInputEvents = YES;
				INFOPLIST_KEY_UILaunchScreen_Generation = YES;
				INFOPLIST_KEY_UISupportedInterfaceOrientations_iPad = "UIInterfaceOrientationPortrait UIInterfaceOrientationPortraitUpsideDown UIInterfaceOrientationLandscapeLeft UIInterfaceOrientationLandscapeRight";
				INFOPLIST_KEY_UISupportedInterfaceOrientations_iPhone = "UIInterfaceOrientationPortrait UIInterfaceOrientationLandscapeLeft UIInterfaceOrientationLandscapeRight";
				LD_RUNPATH_SEARCH_PATHS = (
					"$(inherited)",
					"@executable_path/Frameworks",
				);
				MARKETING_VERSION = 1.0;
				PRODUCT_BUNDLE_IDENTIFIER = com.hackingwithswift.MeetupContacts;
				PRODUCT_NAME = "$(TARGET_NAME)";
				SWIFT_EMIT_LOC_STRINGS = YES;
				SWIFT_VERSION = 5.0;
				TARGETED_DEVICE_FAMILY = "1,2";
			};
			name = Debug;
		};
		45E6886B278EB261005F421D /* Release */ = {
			isa = XCBuildConfiguration;
			buildSettings = {
				ASSETCATALOG_COMPILER_APPICON_NAME = AppIcon;
				ASSETCATALOG_COMPILER_GLOBAL_ACCENT_COLOR_NAME = AccentColor;
				CODE_SIGN_STYLE = Automatic;
				CURRENT_PROJECT_VERSION = 1;
				DEVELOPMENT_ASSET_PATHS = "\"MeetupContacts/Preview Content\"";
				DEVELOPMENT_TEAM = KGH3UR528L;
				ENABLE_PREVIEWS = YES;
				GENERATE_INFOPLIST_FILE = YES;
				INFOPLIST_KEY_NSCameraUsageDescription = "We need to capture a contact photo.";
				INFOPLIST_KEY_NSLocationWhenInUseUsageDescription = "We need to save your current location.";
				INFOPLIST_KEY_NSPhotoLibraryAddUsageDescription = "We need to store your contact photos.";
				INFOPLIST_KEY_UIApplicationSceneManifest_Generation = YES;
				INFOPLIST_KEY_UIApplicationSupportsIndirectInputEvents = YES;
				INFOPLIST_KEY_UILaunchScreen_Generation = YES;
				INFOPLIST_KEY_UISupportedInterfaceOrientations_iPad = "UIInterfaceOrientationPortrait UIInterfaceOrientationPortraitUpsideDown UIInterfaceOrientationLandscapeLeft UIInterfaceOrientationLandscapeRight";
				INFOPLIST_KEY_UISupportedInterfaceOrientations_iPhone = "UIInterfaceOrientationPortrait UIInterfaceOrientationLandscapeLeft UIInterfaceOrientationLandscapeRight";
				LD_RUNPATH_SEARCH_PATHS = (
					"$(inherited)",
					"@executable_path/Frameworks",
				);
				MARKETING_VERSION = 1.0;
				PRODUCT_BUNDLE_IDENTIFIER = com.hackingwithswift.MeetupContacts;
				PRODUCT_NAME = "$(TARGET_NAME)";
				SWIFT_EMIT_LOC_STRINGS = YES;
				SWIFT_VERSION = 5.0;
				TARGETED_DEVICE_FAMILY = "1,2";
			};
			name = Release;
		};
/* End XCBuildConfiguration section */

/* Begin XCConfigurationList section */
		45E68856278EB25F005F421D /* Build configuration list for PBXProject "MeetupContacts" */ = {
			isa = XCConfigurationList;
			buildConfigurations = (
				45E68867278EB261005F421D /* Debug */,
				45E68868278EB261005F421D /* Release */,
			);
			defaultConfigurationIsVisible = 0;
			defaultConfigurationName = Release;
		};
		45E68869278EB261005F421D /* Build configuration list for PBXNativeTarget "MeetupContacts" */ = {
			isa = XCConfigurationList;
			buildConfigurations = (
				45E6886A278EB261005F421D /* Debug */,
				45E6886B278EB261005F421D /* Release */,
			);
			defaultConfigurationIsVisible = 0;
			defaultConfigurationName = Release;
		};
/* End XCConfigurationList section */

/* Begin XCVersionGroup section */
		45E68872278EB40E005F421D /* MeetupContacts.xcdatamodeld */ = {
			isa = XCVersionGroup;
			children = (
				45E68873278EB40E005F421D /* MeetupContacts.xcdatamodel */,
			);
			currentVersion = 45E68873278EB40E005F421D /* MeetupContacts.xcdatamodel */;
			path = MeetupContacts.xcdatamodeld;
			sourceTree = "<group>";
			versionGroupType = wrapper.xcdatamodel;
		};
/* End XCVersionGroup section */
	};
	rootObject = 45E68853278EB25F005F421D /* Project object */;
}
